
Microsoft Visual Studio Solution File, Format Version 12.00
# Visual Studio 14
VisualStudioVersion = 14.0.23107.0
MinimumVisualStudioVersion = 10.0.40219.1
Project("{8BC9CEB8-8B4A-11D0-8D11-00A0C91BC942}") = "PyoCore", "PyoCore\PyoCore.vcxproj", "{4B8C68F8-D3F2-477E-A7BE-96E4DFDCFAF8}"
EndProject
Project("{2150E333-8FDC-42A3-9474-1A3956D46DE8}") = "Examples", "Examples", "{95C39446-C44B-417E-BEFE-F2E0746DE459}"
EndProject
Project("{8BC9CEB8-8B4A-11D0-8D11-00A0C91BC942}") = "Cpp-Import", "examples\Cpp-Import\Cpp-Import.vcxproj", "{56E9C9CF-DA43-4A11-B26A-3FF6604A7FEB}"
	ProjectSection(ProjectDependencies) = postProject
		{4B8C68F8-D3F2-477E-A7BE-96E4DFDCFAF8} = {4B8C68F8-D3F2-477E-A7BE-96E4DFDCFAF8}
	EndProjectSection
EndProject
Project("{FAE04EC0-301F-11D3-BF4B-00C04F79EFBC}") = "Csharp-Import", "examples\Csharp-Import\Csharp-Import.csproj", "{C2281CD3-2CDF-4FAF-BEB6-A28CEF822AF4}"
	ProjectSection(ProjectDependencies) = postProject
		{4B8C68F8-D3F2-477E-A7BE-96E4DFDCFAF8} = {4B8C68F8-D3F2-477E-A7BE-96E4DFDCFAF8}
	EndProjectSection
EndProject
Project("{8BC9CEB8-8B4A-11D0-8D11-00A0C91BC942}") = "Cpp-Test1", "examples\Cpp-Test1\Cpp-Test1.vcxproj", "{5A8E77AF-8295-418B-A34D-F7B254D4DA6D}"
	ProjectSection(ProjectDependencies) = postProject
		{4B8C68F8-D3F2-477E-A7BE-96E4DFDCFAF8} = {4B8C68F8-D3F2-477E-A7BE-96E4DFDCFAF8}
	EndProjectSection
EndProject
Project("{2150E333-8FDC-42A3-9474-1A3956D46DE8}") = "Tests", "Tests", "{AAD6235A-35F6-4EAF-892D-0BB362A2FFFB}"
EndProject
Project("{8BC9CEB8-8B4A-11D0-8D11-00A0C91BC942}") = "test", "Tests\test\test.vcxproj", "{02C43D05-D837-4450-B6D4-9C5569B19E20}"
EndProject
Project("{8BC9CEB8-8B4A-11D0-8D11-00A0C91BC942}") = "TableExporterTest", "Tests\TableExporterTest\TableExporterTest.vcxproj", "{63F0E7B1-3485-48F5-A5E2-C7FC38BE1D0F}"
EndProject
Project("{8BC9CEB8-8B4A-11D0-8D11-00A0C91BC942}") = "HistogramManagerTest", "Tests\HistogramManagerTest\HistogramManagerTest.vcxproj", "{E7BE05AE-5C2B-4346-937D-8E828502CB6A}"
EndProject
Project("{8BC9CEB8-8B4A-11D0-8D11-00A0C91BC942}") = "PreprocessorTest", "Tests\PreprocessorTest\PreprocessorTest.vcxproj", "{4A832D78-28E3-48F5-9201-76BEF250CAB1}"
EndProject
Project("{8BC9CEB8-8B4A-11D0-8D11-00A0C91BC942}") = "PngImageTest", "Tests\PngImageTest\PngImageTest.vcxproj", "{0E54A596-8816-4228-A7D0-9A7EE5957ACA}"
EndProject
Global
	GlobalSection(SolutionConfigurationPlatforms) = preSolution
		Debug|Any CPU = Debug|Any CPU
		Debug|x64 = Debug|x64
		Debug|x86 = Debug|x86
		Release|Any CPU = Release|Any CPU
		Release|x64 = Release|x64
		Release|x86 = Release|x86
	EndGlobalSection
	GlobalSection(ProjectConfigurationPlatforms) = postSolution
		{4B8C68F8-D3F2-477E-A7BE-96E4DFDCFAF8}.Debug|Any CPU.ActiveCfg = Debug|Win32
		{4B8C68F8-D3F2-477E-A7BE-96E4DFDCFAF8}.Debug|x64.ActiveCfg = Debug|x64
		{4B8C68F8-D3F2-477E-A7BE-96E4DFDCFAF8}.Debug|x64.Build.0 = Debug|x64
		{4B8C68F8-D3F2-477E-A7BE-96E4DFDCFAF8}.Debug|x86.ActiveCfg = Debug|Win32
		{4B8C68F8-D3F2-477E-A7BE-96E4DFDCFAF8}.Debug|x86.Build.0 = Debug|Win32
		{4B8C68F8-D3F2-477E-A7BE-96E4DFDCFAF8}.Release|Any CPU.ActiveCfg = Release|Win32
		{4B8C68F8-D3F2-477E-A7BE-96E4DFDCFAF8}.Release|Any CPU.Build.0 = Release|Win32
		{4B8C68F8-D3F2-477E-A7BE-96E4DFDCFAF8}.Release|x64.ActiveCfg = Release|x64
		{4B8C68F8-D3F2-477E-A7BE-96E4DFDCFAF8}.Release|x64.Build.0 = Release|x64
		{4B8C68F8-D3F2-477E-A7BE-96E4DFDCFAF8}.Release|x86.ActiveCfg = Release|Win32
		{4B8C68F8-D3F2-477E-A7BE-96E4DFDCFAF8}.Release|x86.Build.0 = Release|Win32
		{56E9C9CF-DA43-4A11-B26A-3FF6604A7FEB}.Debug|Any CPU.ActiveCfg = Debug|Win32
		{56E9C9CF-DA43-4A11-B26A-3FF6604A7FEB}.Debug|x64.ActiveCfg = Debug|x64
		{56E9C9CF-DA43-4A11-B26A-3FF6604A7FEB}.Debug|x64.Build.0 = Debug|x64
		{56E9C9CF-DA43-4A11-B26A-3FF6604A7FEB}.Debug|x86.ActiveCfg = Debug|Win32
		{56E9C9CF-DA43-4A11-B26A-3FF6604A7FEB}.Debug|x86.Build.0 = Debug|Win32
		{56E9C9CF-DA43-4A11-B26A-3FF6604A7FEB}.Release|Any CPU.ActiveCfg = Release|Win32
		{56E9C9CF-DA43-4A11-B26A-3FF6604A7FEB}.Release|x64.ActiveCfg = Release|x64
		{56E9C9CF-DA43-4A11-B26A-3FF6604A7FEB}.Release|x64.Build.0 = Release|x64
		{56E9C9CF-DA43-4A11-B26A-3FF6604A7FEB}.Release|x86.ActiveCfg = Release|Win32
		{56E9C9CF-DA43-4A11-B26A-3FF6604A7FEB}.Release|x86.Build.0 = Release|Win32
		{C2281CD3-2CDF-4FAF-BEB6-A28CEF822AF4}.Debug|Any CPU.ActiveCfg = Debug|Any CPU
		{C2281CD3-2CDF-4FAF-BEB6-A28CEF822AF4}.Debug|Any CPU.Build.0 = Debug|Any CPU
		{C2281CD3-2CDF-4FAF-BEB6-A28CEF822AF4}.Debug|x64.ActiveCfg = Debug|Any CPU
		{C2281CD3-2CDF-4FAF-BEB6-A28CEF822AF4}.Debug|x64.Build.0 = Debug|Any CPU
		{C2281CD3-2CDF-4FAF-BEB6-A28CEF822AF4}.Debug|x86.ActiveCfg = Debug|Any CPU
		{C2281CD3-2CDF-4FAF-BEB6-A28CEF822AF4}.Debug|x86.Build.0 = Debug|Any CPU
		{C2281CD3-2CDF-4FAF-BEB6-A28CEF822AF4}.Release|Any CPU.ActiveCfg = Release|Any CPU
		{C2281CD3-2CDF-4FAF-BEB6-A28CEF822AF4}.Release|x64.ActiveCfg = Release|Any CPU
		{C2281CD3-2CDF-4FAF-BEB6-A28CEF822AF4}.Release|x64.Build.0 = Release|Any CPU
		{C2281CD3-2CDF-4FAF-BEB6-A28CEF822AF4}.Release|x86.ActiveCfg = Release|Any CPU
		{C2281CD3-2CDF-4FAF-BEB6-A28CEF822AF4}.Release|x86.Build.0 = Release|Any CPU
		{5A8E77AF-8295-418B-A34D-F7B254D4DA6D}.Debug|Any CPU.ActiveCfg = Debug|Win32
		{5A8E77AF-8295-418B-A34D-F7B254D4DA6D}.Debug|x64.ActiveCfg = Debug|x64
		{5A8E77AF-8295-418B-A34D-F7B254D4DA6D}.Debug|x64.Build.0 = Debug|x64
		{5A8E77AF-8295-418B-A34D-F7B254D4DA6D}.Debug|x86.ActiveCfg = Debug|Win32
		{5A8E77AF-8295-418B-A34D-F7B254D4DA6D}.Debug|x86.Build.0 = Debug|Win32
		{5A8E77AF-8295-418B-A34D-F7B254D4DA6D}.Release|Any CPU.ActiveCfg = Release|Win32
		{5A8E77AF-8295-418B-A34D-F7B254D4DA6D}.Release|x64.ActiveCfg = Release|x64
		{5A8E77AF-8295-418B-A34D-F7B254D4DA6D}.Release|x64.Build.0 = Release|x64
		{5A8E77AF-8295-418B-A34D-F7B254D4DA6D}.Release|x86.ActiveCfg = Release|Win32
		{5A8E77AF-8295-418B-A34D-F7B254D4DA6D}.Release|x86.Build.0 = Release|Win32
		{02C43D05-D837-4450-B6D4-9C5569B19E20}.Debug|Any CPU.ActiveCfg = Debug|Win32
		{02C43D05-D837-4450-B6D4-9C5569B19E20}.Debug|x64.ActiveCfg = Debug|x64
		{02C43D05-D837-4450-B6D4-9C5569B19E20}.Debug|x64.Build.0 = Debug|x64
		{02C43D05-D837-4450-B6D4-9C5569B19E20}.Debug|x86.ActiveCfg = Debug|Win32
		{02C43D05-D837-4450-B6D4-9C5569B19E20}.Debug|x86.Build.0 = Debug|Win32
		{02C43D05-D837-4450-B6D4-9C5569B19E20}.Release|Any CPU.ActiveCfg = Release|Win32
		{02C43D05-D837-4450-B6D4-9C5569B19E20}.Release|x64.ActiveCfg = Release|x64
		{02C43D05-D837-4450-B6D4-9C5569B19E20}.Release|x64.Build.0 = Release|x64
		{02C43D05-D837-4450-B6D4-9C5569B19E20}.Release|x86.ActiveCfg = Release|Win32
		{02C43D05-D837-4450-B6D4-9C5569B19E20}.Release|x86.Build.0 = Release|Win32
		{63F0E7B1-3485-48F5-A5E2-C7FC38BE1D0F}.Debug|Any CPU.ActiveCfg = Debug|Win32
		{63F0E7B1-3485-48F5-A5E2-C7FC38BE1D0F}.Debug|x64.ActiveCfg = Debug|x64
		{63F0E7B1-3485-48F5-A5E2-C7FC38BE1D0F}.Debug|x64.Build.0 = Debug|x64
		{63F0E7B1-3485-48F5-A5E2-C7FC38BE1D0F}.Debug|x86.ActiveCfg = Debug|Win32
		{63F0E7B1-3485-48F5-A5E2-C7FC38BE1D0F}.Debug|x86.Build.0 = Debug|Win32
		{63F0E7B1-3485-48F5-A5E2-C7FC38BE1D0F}.Release|Any CPU.ActiveCfg = Release|Win32
		{63F0E7B1-3485-48F5-A5E2-C7FC38BE1D0F}.Release|x64.ActiveCfg = Release|x64
		{63F0E7B1-3485-48F5-A5E2-C7FC38BE1D0F}.Release|x64.Build.0 = Release|x64
		{63F0E7B1-3485-48F5-A5E2-C7FC38BE1D0F}.Release|x86.ActiveCfg = Release|Win32
		{63F0E7B1-3485-48F5-A5E2-C7FC38BE1D0F}.Release|x86.Build.0 = Release|Win32
		{E7BE05AE-5C2B-4346-937D-8E828502CB6A}.Debug|Any CPU.ActiveCfg = Debug|Win32
		{E7BE05AE-5C2B-4346-937D-8E828502CB6A}.Debug|x64.ActiveCfg = Debug|x64
		{E7BE05AE-5C2B-4346-937D-8E828502CB6A}.Debug|x64.Build.0 = Debug|x64
		{E7BE05AE-5C2B-4346-937D-8E828502CB6A}.Debug|x86.ActiveCfg = Debug|Win32
		{E7BE05AE-5C2B-4346-937D-8E828502CB6A}.Debug|x86.Build.0 = Debug|Win32
		{E7BE05AE-5C2B-4346-937D-8E828502CB6A}.Release|Any CPU.ActiveCfg = Release|Win32
		{E7BE05AE-5C2B-4346-937D-8E828502CB6A}.Release|x64.ActiveCfg = Release|x64
		{E7BE05AE-5C2B-4346-937D-8E828502CB6A}.Release|x64.Build.0 = Release|x64
		{E7BE05AE-5C2B-4346-937D-8E828502CB6A}.Release|x86.ActiveCfg = Release|Win32
		{E7BE05AE-5C2B-4346-937D-8E828502CB6A}.Release|x86.Build.0 = Release|Win32
		{4A832D78-28E3-48F5-9201-76BEF250CAB1}.Debug|Any CPU.ActiveCfg = Debug|Win32
		{4A832D78-28E3-48F5-9201-76BEF250CAB1}.Debug|x64.ActiveCfg = Debug|x64
		{4A832D78-28E3-48F5-9201-76BEF250CAB1}.Debug|x64.Build.0 = Debug|x64
		{4A832D78-28E3-48F5-9201-76BEF250CAB1}.Debug|x86.ActiveCfg = Debug|Win32
		{4A832D78-28E3-48F5-9201-76BEF250CAB1}.Debug|x86.Build.0 = Debug|Win32
		{4A832D78-28E3-48F5-9201-76BEF250CAB1}.Release|Any CPU.ActiveCfg = Release|Win32
		{4A832D78-28E3-48F5-9201-76BEF250CAB1}.Release|Any CPU.Build.0 = Release|Win32
		{4A832D78-28E3-48F5-9201-76BEF250CAB1}.Release|x64.ActiveCfg = Release|x64
		{4A832D78-28E3-48F5-9201-76BEF250CAB1}.Release|x64.Build.0 = Release|x64
		{4A832D78-28E3-48F5-9201-76BEF250CAB1}.Release|x86.ActiveCfg = Release|Win32
		{4A832D78-28E3-48F5-9201-76BEF250CAB1}.Release|x86.Build.0 = Release|Win32
		{0E54A596-8816-4228-A7D0-9A7EE5957ACA}.Debug|Any CPU.ActiveCfg = Debug|Win32
		{0E54A596-8816-4228-A7D0-9A7EE5957ACA}.Debug|x64.ActiveCfg = Debug|x64
		{0E54A596-8816-4228-A7D0-9A7EE5957ACA}.Debug|x64.Build.0 = Debug|x64
		{0E54A596-8816-4228-A7D0-9A7EE5957ACA}.Debug|x86.ActiveCfg = Debug|Win32
		{0E54A596-8816-4228-A7D0-9A7EE5957ACA}.Debug|x86.Build.0 = Debug|Win32
		{0E54A596-8816-4228-A7D0-9A7EE5957ACA}.Release|Any CPU.ActiveCfg = Release|Win32
		{0E54A596-8816-4228-A7D0-9A7EE5957ACA}.Release|x64.ActiveCfg = Release|x64
		{0E54A596-8816-4228-A7D0-9A7EE5957ACA}.Release|x64.Build.0 = Release|x64
		{0E54A596-8816-4228-A7D0-9A7EE5957ACA}.Release|x86.ActiveCfg = Release|Win32
		{0E54A596-8816-4228-A7D0-9A7EE5957ACA}.Release|x86.Build.0 = Release|Win32
	EndGlobalSection
	GlobalSection(SolutionProperties) = preSolution
		HideSolutionNode = FALSE
	EndGlobalSection
	GlobalSection(NestedProjects) = preSolution
		{56E9C9CF-DA43-4A11-B26A-3FF6604A7FEB} = {95C39446-C44B-417E-BEFE-F2E0746DE459}
		{C2281CD3-2CDF-4FAF-BEB6-A28CEF822AF4} = {95C39446-C44B-417E-BEFE-F2E0746DE459}
		{5A8E77AF-8295-418B-A34D-F7B254D4DA6D} = {95C39446-C44B-417E-BEFE-F2E0746DE459}
		{02C43D05-D837-4450-B6D4-9C5569B19E20} = {AAD6235A-35F6-4EAF-892D-0BB362A2FFFB}
		{63F0E7B1-3485-48F5-A5E2-C7FC38BE1D0F} = {AAD6235A-35F6-4EAF-892D-0BB362A2FFFB}
		{E7BE05AE-5C2B-4346-937D-8E828502CB6A} = {AAD6235A-35F6-4EAF-892D-0BB362A2FFFB}
		{4A832D78-28E3-48F5-9201-76BEF250CAB1} = {AAD6235A-35F6-4EAF-892D-0BB362A2FFFB}
		{0E54A596-8816-4228-A7D0-9A7EE5957ACA} = {AAD6235A-35F6-4EAF-892D-0BB362A2FFFB}
	EndGlobalSection
EndGlobal
